
Microsoft Visual Studio Solution File, Format Version 12.00
# Visual Studio Version 17
VisualStudioVersion = 17.9.34616.47
MinimumVisualStudioVersion = 10.0.40219.1
Project("{9A19103F-16F7-4668-BE54-9A1E7A4F7556}") = "GTI.Dashboard.WebApi", "GTI.Dashboard.WebApi\GTI.Dashboard.WebApi.csproj", "{D3249024-96F1-4BEF-A64B-55A0EC5C5CE0}"
EndProject
Project("{9A19103F-16F7-4668-BE54-9A1E7A4F7556}") = "GTI.Dashboard.Services", "GTI.Dashboard.Services\GTI.Dashboard.Services.csproj", "{138C7F6E-5EAA-47F8-9FD9-DB03DC4C6C30}"
EndProject
Project("{9A19103F-16F7-4668-BE54-9A1E7A4F7556}") = "GTI.Dashboard.Repository", "GTI.Dashboard.Repository\GTI.Dashboard.Repository.csproj", "{E5499AEE-FCF7-405E-8746-468FC640EC99}"
EndProject
Project("{9A19103F-16F7-4668-BE54-9A1E7A4F7556}") = "GTI.Dashboard.Tests", "GTI.Dashboard.Testes\GTI.Dashboard.Tests.csproj", "{19A11751-2811-4CC4-9ABB-18040C34723F}"
EndProject
Global
	GlobalSection(SolutionConfigurationPlatforms) = preSolution
		Debug|Any CPU = Debug|Any CPU
		Release|Any CPU = Release|Any CPU
	EndGlobalSection
	GlobalSection(ProjectConfigurationPlatforms) = postSolution
		{D3249024-96F1-4BEF-A64B-55A0EC5C5CE0}.Debug|Any CPU.ActiveCfg = Debug|Any CPU
		{D3249024-96F1-4BEF-A64B-55A0EC5C5CE0}.Debug|Any CPU.Build.0 = Debug|Any CPU
		{D3249024-96F1-4BEF-A64B-55A0EC5C5CE0}.Release|Any CPU.ActiveCfg = Release|Any CPU
		{D3249024-96F1-4BEF-A64B-55A0EC5C5CE0}.Release|Any CPU.Build.0 = Release|Any CPU
		{138C7F6E-5EAA-47F8-9FD9-DB03DC4C6C30}.Debug|Any CPU.ActiveCfg = Debug|Any CPU
		{138C7F6E-5EAA-47F8-9FD9-DB03DC4C6C30}.Debug|Any CPU.Build.0 = Debug|Any CPU
		{138C7F6E-5EAA-47F8-9FD9-DB03DC4C6C30}.Release|Any CPU.ActiveCfg = Release|Any CPU
		{138C7F6E-5EAA-47F8-9FD9-DB03DC4C6C30}.Release|Any CPU.Build.0 = Release|Any CPU
		{E5499AEE-FCF7-405E-8746-468FC640EC99}.Debug|Any CPU.ActiveCfg = Debug|Any CPU
		{E5499AEE-FCF7-405E-8746-468FC640EC99}.Debug|Any CPU.Build.0 = Debug|Any CPU
		{E5499AEE-FCF7-405E-8746-468FC640EC99}.Release|Any CPU.ActiveCfg = Release|Any CPU
		{E5499AEE-FCF7-405E-8746-468FC640EC99}.Release|Any CPU.Build.0 = Release|Any CPU
		{19A11751-2811-4CC4-9ABB-18040C34723F}.Debug|Any CPU.ActiveCfg = Debug|Any CPU
		{19A11751-2811-4CC4-9ABB-18040C34723F}.Debug|Any CPU.Build.0 = Debug|Any CPU
		{19A11751-2811-4CC4-9ABB-18040C34723F}.Release|Any CPU.ActiveCfg = Release|Any CPU
		{19A11751-2811-4CC4-9ABB-18040C34723F}.Release|Any CPU.Build.0 = Release|Any CPU
	EndGlobalSection
	GlobalSection(SolutionProperties) = preSolution
		HideSolutionNode = FALSE
	EndGlobalSection
	GlobalSection(ExtensibilityGlobals) = postSolution
		SolutionGuid = {8CC0B3D9-3CA4-4B73-A806-C0DE58949482}
	EndGlobalSection
EndGlobal
